
Microsoft Visual Studio Solution File, Format Version 12.00
# Visual Studio Version 17
VisualStudioVersion = 17.2.32516.85
MinimumVisualStudioVersion = 10.0.40219.1
Project("{9A19103F-16F7-4668-BE54-9A1E7A4F7556}") = "Business", "Business\Business.csproj", "{814BB1A6-4A82-4688-8DA3-E618E4D3E4B0}"
EndProject
Project("{9A19103F-16F7-4668-BE54-9A1E7A4F7556}") = "Core", "Core\Core.csproj", "{D8641DF3-5750-4950-BEC1-F7DE465E0ACB}"
EndProject
Project("{9A19103F-16F7-4668-BE54-9A1E7A4F7556}") = "DataAccess", "DataAccess\DataAccess.csproj", "{5AA11993-4501-4C4F-AE1C-06E0ACA04D95}"
EndProject
Project("{9A19103F-16F7-4668-BE54-9A1E7A4F7556}") = "Entities", "Entities\Entities.csproj", "{F45EF4A7-0D49-4B77-9438-576F5B66ADAF}"
EndProject
Project("{9A19103F-16F7-4668-BE54-9A1E7A4F7556}") = "WebApi", "WebApi\WebApi.csproj", "{07318CBF-C5EF-491D-A222-531E3DC6A3C5}"
EndProject
Project("{FAE04EC0-301F-11D3-BF4B-00C04F79EFBC}") = "WebUI", "WebUI\WebUI.csproj", "{B974D5D2-2B91-4F85-93A6-C3DC2D4E2FA2}"
EndProject
Global
	GlobalSection(SolutionConfigurationPlatforms) = preSolution
		Debug|Any CPU = Debug|Any CPU
		Release|Any CPU = Release|Any CPU
	EndGlobalSection
	GlobalSection(ProjectConfigurationPlatforms) = postSolution
		{814BB1A6-4A82-4688-8DA3-E618E4D3E4B0}.Debug|Any CPU.ActiveCfg = Debug|Any CPU
		{814BB1A6-4A82-4688-8DA3-E618E4D3E4B0}.Debug|Any CPU.Build.0 = Debug|Any CPU
		{814BB1A6-4A82-4688-8DA3-E618E4D3E4B0}.Release|Any CPU.ActiveCfg = Release|Any CPU
		{814BB1A6-4A82-4688-8DA3-E618E4D3E4B0}.Release|Any CPU.Build.0 = Release|Any CPU
		{D8641DF3-5750-4950-BEC1-F7DE465E0ACB}.Debug|Any CPU.ActiveCfg = Debug|Any CPU
		{D8641DF3-5750-4950-BEC1-F7DE465E0ACB}.Debug|Any CPU.Build.0 = Debug|Any CPU
		{D8641DF3-5750-4950-BEC1-F7DE465E0ACB}.Release|Any CPU.ActiveCfg = Release|Any CPU
		{D8641DF3-5750-4950-BEC1-F7DE465E0ACB}.Release|Any CPU.Build.0 = Release|Any CPU
		{5AA11993-4501-4C4F-AE1C-06E0ACA04D95}.Debug|Any CPU.ActiveCfg = Debug|Any CPU
		{5AA11993-4501-4C4F-AE1C-06E0ACA04D95}.Debug|Any CPU.Build.0 = Debug|Any CPU
		{5AA11993-4501-4C4F-AE1C-06E0ACA04D95}.Release|Any CPU.ActiveCfg = Release|Any CPU
		{5AA11993-4501-4C4F-AE1C-06E0ACA04D95}.Release|Any CPU.Build.0 = Release|Any CPU
		{F45EF4A7-0D49-4B77-9438-576F5B66ADAF}.Debug|Any CPU.ActiveCfg = Debug|Any CPU
		{F45EF4A7-0D49-4B77-9438-576F5B66ADAF}.Debug|Any CPU.Build.0 = Debug|Any CPU
		{F45EF4A7-0D49-4B77-9438-576F5B66ADAF}.Release|Any CPU.ActiveCfg = Release|Any CPU
		{F45EF4A7-0D49-4B77-9438-576F5B66ADAF}.Release|Any CPU.Build.0 = Release|Any CPU
		{07318CBF-C5EF-491D-A222-531E3DC6A3C5}.Debug|Any CPU.ActiveCfg = Debug|Any CPU
		{07318CBF-C5EF-491D-A222-531E3DC6A3C5}.Debug|Any CPU.Build.0 = Debug|Any CPU
		{07318CBF-C5EF-491D-A222-531E3DC6A3C5}.Release|Any CPU.ActiveCfg = Release|Any CPU
		{07318CBF-C5EF-491D-A222-531E3DC6A3C5}.Release|Any CPU.Build.0 = Release|Any CPU
		{B974D5D2-2B91-4F85-93A6-C3DC2D4E2FA2}.Debug|Any CPU.ActiveCfg = Debug|Any CPU
		{B974D5D2-2B91-4F85-93A6-C3DC2D4E2FA2}.Debug|Any CPU.Build.0 = Debug|Any CPU
		{B974D5D2-2B91-4F85-93A6-C3DC2D4E2FA2}.Release|Any CPU.ActiveCfg = Release|Any CPU
		{B974D5D2-2B91-4F85-93A6-C3DC2D4E2FA2}.Release|Any CPU.Build.0 = Release|Any CPU
	EndGlobalSection
	GlobalSection(SolutionProperties) = preSolution
		HideSolutionNode = FALSE
	EndGlobalSection
	GlobalSection(ExtensibilityGlobals) = postSolution
		SolutionGuid = {5F20D16D-7CDB-4E6A-8BAF-5A1E7585A19C}
	EndGlobalSection
EndGlobal
